
Microsoft Visual Studio Solution File, Format Version 12.00
# Visual Studio Version 17
VisualStudioVersion = 17.14.36811.4 d17.14
MinimumVisualStudioVersion = 10.0.40219.1
Project("{FAE04EC0-301F-11D3-BF4B-00C04F79EFBC}") = "LayoutDemo", "LayoutDemo\LayoutDemo.csproj", "{AF640C56-759C-4D48-AE52-0E78EC0FCADE}"
EndProject
Global
	GlobalSection(SolutionConfigurationPlatforms) = preSolution
		Debug|Any CPU = Debug|Any CPU
		Release|Any CPU = Release|Any CPU
	EndGlobalSection
	GlobalSection(ProjectConfigurationPlatforms) = postSolution
		{AF640C56-759C-4D48-AE52-0E78EC0FCADE}.Debug|Any CPU.ActiveCfg = Debug|Any CPU
		{AF640C56-759C-4D48-AE52-0E78EC0FCADE}.Debug|Any CPU.Build.0 = Debug|Any CPU
		{AF640C56-759C-4D48-AE52-0E78EC0FCADE}.Release|Any CPU.ActiveCfg = Release|Any CPU
		{AF640C56-759C-4D48-AE52-0E78EC0FCADE}.Release|Any CPU.Build.0 = Release|Any CPU
	EndGlobalSection
	GlobalSection(SolutionProperties) = preSolution
		HideSolutionNode = FALSE
	EndGlobalSection
	GlobalSection(ExtensibilityGlobals) = postSolution
		SolutionGuid = {0C11DC2F-4517-4D8F-A43C-773849F8ECBA}
	EndGlobalSection
EndGlobal
